<Solution>
  <Folder Name="/bench/">
    <Project Path="bench/Pants.Benches/Cntryl.Pants.Benches.csproj" />
  </Folder>
  <Folder Name="/src/">
    <Project Path="src/Pants.DependencyInjection/Pants.DependencyInjection.csproj" />
    <Project Path="src/Pants/Pants.csproj" />
  </Folder>
  <Folder Name="/test/">
    <Project Path="test/Pants.Tests/Pants.Tests.csproj" />
  </Folder>
</Solution>
